
Microsoft Visual Studio Solution File, Format Version 12.00
# Visual Studio Version 17
VisualStudioVersion = 17.11.35222.181
MinimumVisualStudioVersion = 10.0.40219.1
Project("{2150E333-8FDC-42A3-9474-1A3956D46DE8}") = "src", "src", "{277E4B6E-0A90-4792-8C25-C87E3FA35526}"
EndProject
Project("{2150E333-8FDC-42A3-9474-1A3956D46DE8}") = "tests", "tests", "{06EF2B39-E5DF-4D41-8D7F-DE1A0241C02F}"
EndProject
Project("{9A19103F-16F7-4668-BE54-9A1E7A4F7556}") = "ProductManagement.Domain", "src\ProductManagement.Domain\ProductManagement.Domain.csproj", "{6C2206EF-8E83-409D-9B00-447313780D3A}"
EndProject
Project("{9A19103F-16F7-4668-BE54-9A1E7A4F7556}") = "ProductManagement.Domain.UnitTest", "tests\ProductManagement.Domain.UnitTest\ProductManagement.Domain.UnitTest.csproj", "{EADCC4A8-0402-47B2-8DD5-EAC115A82394}"
EndProject
Project("{9A19103F-16F7-4668-BE54-9A1E7A4F7556}") = "ProductManagement.Application", "src\ProductManagement.Application\ProductManagement.Application.csproj", "{E235E73E-55DF-4308-AA6F-D4B2BCB1DCFA}"
EndProject
Project("{9A19103F-16F7-4668-BE54-9A1E7A4F7556}") = "ProductManagement.Infrastructure", "src\ProductManagement.Infrastructure\ProductManagement.Infrastructure.csproj", "{A95DC468-BA33-4B6B-90AF-0F2A5FED7EF5}"
EndProject
Project("{9A19103F-16F7-4668-BE54-9A1E7A4F7556}") = "ProductManagement.API", "src\ProductManagement.API\ProductManagement.API.csproj", "{BFB6C8CD-A9DA-4FE3-A7F8-53482FF3B2D7}"
EndProject
Project("{FAE04EC0-301F-11D3-BF4B-00C04F79EFBC}") = "ProductManagement.Domain.IntegrationTest", "tests\ProductManagement.Domain.IntegrationTest\ProductManagement.Domain.IntegrationTest.csproj", "{DC748EE2-696E-48DE-925B-4FE31C8BF5C2}"
EndProject
Project("{FAE04EC0-301F-11D3-BF4B-00C04F79EFBC}") = "ProductManagement.Application.IntegrationTest", "tests\ProductManagement.Application.IntegrationTest\ProductManagement.Application.IntegrationTest.csproj", "{098F6170-7163-49E5-AD84-8FEFB8E0338B}"
EndProject
Global
	GlobalSection(SolutionConfigurationPlatforms) = preSolution
		Debug|Any CPU = Debug|Any CPU
		Release|Any CPU = Release|Any CPU
	EndGlobalSection
	GlobalSection(ProjectConfigurationPlatforms) = postSolution
		{6C2206EF-8E83-409D-9B00-447313780D3A}.Debug|Any CPU.ActiveCfg = Debug|Any CPU
		{6C2206EF-8E83-409D-9B00-447313780D3A}.Debug|Any CPU.Build.0 = Debug|Any CPU
		{6C2206EF-8E83-409D-9B00-447313780D3A}.Release|Any CPU.ActiveCfg = Release|Any CPU
		{6C2206EF-8E83-409D-9B00-447313780D3A}.Release|Any CPU.Build.0 = Release|Any CPU
		{EADCC4A8-0402-47B2-8DD5-EAC115A82394}.Debug|Any CPU.ActiveCfg = Debug|Any CPU
		{EADCC4A8-0402-47B2-8DD5-EAC115A82394}.Debug|Any CPU.Build.0 = Debug|Any CPU
		{EADCC4A8-0402-47B2-8DD5-EAC115A82394}.Release|Any CPU.ActiveCfg = Release|Any CPU
		{EADCC4A8-0402-47B2-8DD5-EAC115A82394}.Release|Any CPU.Build.0 = Release|Any CPU
		{E235E73E-55DF-4308-AA6F-D4B2BCB1DCFA}.Debug|Any CPU.ActiveCfg = Debug|Any CPU
		{E235E73E-55DF-4308-AA6F-D4B2BCB1DCFA}.Debug|Any CPU.Build.0 = Debug|Any CPU
		{E235E73E-55DF-4308-AA6F-D4B2BCB1DCFA}.Release|Any CPU.ActiveCfg = Release|Any CPU
		{E235E73E-55DF-4308-AA6F-D4B2BCB1DCFA}.Release|Any CPU.Build.0 = Release|Any CPU
		{A95DC468-BA33-4B6B-90AF-0F2A5FED7EF5}.Debug|Any CPU.ActiveCfg = Debug|Any CPU
		{A95DC468-BA33-4B6B-90AF-0F2A5FED7EF5}.Debug|Any CPU.Build.0 = Debug|Any CPU
		{A95DC468-BA33-4B6B-90AF-0F2A5FED7EF5}.Release|Any CPU.ActiveCfg = Release|Any CPU
		{A95DC468-BA33-4B6B-90AF-0F2A5FED7EF5}.Release|Any CPU.Build.0 = Release|Any CPU
		{BFB6C8CD-A9DA-4FE3-A7F8-53482FF3B2D7}.Debug|Any CPU.ActiveCfg = Debug|Any CPU
		{BFB6C8CD-A9DA-4FE3-A7F8-53482FF3B2D7}.Debug|Any CPU.Build.0 = Debug|Any CPU
		{BFB6C8CD-A9DA-4FE3-A7F8-53482FF3B2D7}.Release|Any CPU.ActiveCfg = Release|Any CPU
		{BFB6C8CD-A9DA-4FE3-A7F8-53482FF3B2D7}.Release|Any CPU.Build.0 = Release|Any CPU
		{DC748EE2-696E-48DE-925B-4FE31C8BF5C2}.Debug|Any CPU.ActiveCfg = Debug|Any CPU
		{DC748EE2-696E-48DE-925B-4FE31C8BF5C2}.Debug|Any CPU.Build.0 = Debug|Any CPU
		{DC748EE2-696E-48DE-925B-4FE31C8BF5C2}.Release|Any CPU.ActiveCfg = Release|Any CPU
		{DC748EE2-696E-48DE-925B-4FE31C8BF5C2}.Release|Any CPU.Build.0 = Release|Any CPU
		{098F6170-7163-49E5-AD84-8FEFB8E0338B}.Debug|Any CPU.ActiveCfg = Debug|Any CPU
		{098F6170-7163-49E5-AD84-8FEFB8E0338B}.Debug|Any CPU.Build.0 = Debug|Any CPU
		{098F6170-7163-49E5-AD84-8FEFB8E0338B}.Release|Any CPU.ActiveCfg = Release|Any CPU
		{098F6170-7163-49E5-AD84-8FEFB8E0338B}.Release|Any CPU.Build.0 = Release|Any CPU
	EndGlobalSection
	GlobalSection(SolutionProperties) = preSolution
		HideSolutionNode = FALSE
	EndGlobalSection
	GlobalSection(NestedProjects) = preSolution
		{6C2206EF-8E83-409D-9B00-447313780D3A} = {277E4B6E-0A90-4792-8C25-C87E3FA35526}
		{EADCC4A8-0402-47B2-8DD5-EAC115A82394} = {06EF2B39-E5DF-4D41-8D7F-DE1A0241C02F}
		{E235E73E-55DF-4308-AA6F-D4B2BCB1DCFA} = {277E4B6E-0A90-4792-8C25-C87E3FA35526}
		{A95DC468-BA33-4B6B-90AF-0F2A5FED7EF5} = {277E4B6E-0A90-4792-8C25-C87E3FA35526}
		{BFB6C8CD-A9DA-4FE3-A7F8-53482FF3B2D7} = {277E4B6E-0A90-4792-8C25-C87E3FA35526}
		{DC748EE2-696E-48DE-925B-4FE31C8BF5C2} = {06EF2B39-E5DF-4D41-8D7F-DE1A0241C02F}
		{098F6170-7163-49E5-AD84-8FEFB8E0338B} = {06EF2B39-E5DF-4D41-8D7F-DE1A0241C02F}
	EndGlobalSection
	GlobalSection(ExtensibilityGlobals) = postSolution
		SolutionGuid = {7F2F7801-1046-4A61-A846-03A4952274DD}
	EndGlobalSection
EndGlobal
