
Microsoft Visual Studio Solution File, Format Version 12.00
# Visual Studio Version 17
VisualStudioVersion = 17.11.35222.181
MinimumVisualStudioVersion = 10.0.40219.1
Project("{2150E333-8FDC-42A3-9474-1A3956D46DE8}") = "src", "src", "{277E4B6E-0A90-4792-8C25-C87E3FA35526}"
EndProject
Project("{2150E333-8FDC-42A3-9474-1A3956D46DE8}") = "tests", "tests", "{06EF2B39-E5DF-4D41-8D7F-DE1A0241C02F}"
EndProject
Project("{FAE04EC0-301F-11D3-BF4B-00C04F79EFBC}") = "ProductManagement.Domain", "src\ProductManagement.Domain\ProductManagement.Domain.csproj", "{6C2206EF-8E83-409D-9B00-447313780D3A}"
EndProject
Project("{FAE04EC0-301F-11D3-BF4B-00C04F79EFBC}") = "ProductManagement.Domain.UnitTest", "tests\ProductManagement.Domain.UnitTest\ProductManagement.Domain.UnitTest.csproj", "{EADCC4A8-0402-47B2-8DD5-EAC115A82394}"
EndProject
Global
	GlobalSection(SolutionConfigurationPlatforms) = preSolution
		Debug|Any CPU = Debug|Any CPU
		Release|Any CPU = Release|Any CPU
	EndGlobalSection
	GlobalSection(ProjectConfigurationPlatforms) = postSolution
		{6C2206EF-8E83-409D-9B00-447313780D3A}.Debug|Any CPU.ActiveCfg = Debug|Any CPU
		{6C2206EF-8E83-409D-9B00-447313780D3A}.Debug|Any CPU.Build.0 = Debug|Any CPU
		{6C2206EF-8E83-409D-9B00-447313780D3A}.Release|Any CPU.ActiveCfg = Release|Any CPU
		{6C2206EF-8E83-409D-9B00-447313780D3A}.Release|Any CPU.Build.0 = Release|Any CPU
		{EADCC4A8-0402-47B2-8DD5-EAC115A82394}.Debug|Any CPU.ActiveCfg = Debug|Any CPU
		{EADCC4A8-0402-47B2-8DD5-EAC115A82394}.Debug|Any CPU.Build.0 = Debug|Any CPU
		{EADCC4A8-0402-47B2-8DD5-EAC115A82394}.Release|Any CPU.ActiveCfg = Release|Any CPU
		{EADCC4A8-0402-47B2-8DD5-EAC115A82394}.Release|Any CPU.Build.0 = Release|Any CPU
	EndGlobalSection
	GlobalSection(SolutionProperties) = preSolution
		HideSolutionNode = FALSE
	EndGlobalSection
	GlobalSection(NestedProjects) = preSolution
		{6C2206EF-8E83-409D-9B00-447313780D3A} = {277E4B6E-0A90-4792-8C25-C87E3FA35526}
		{EADCC4A8-0402-47B2-8DD5-EAC115A82394} = {06EF2B39-E5DF-4D41-8D7F-DE1A0241C02F}
	EndGlobalSection
	GlobalSection(ExtensibilityGlobals) = postSolution
		SolutionGuid = {7F2F7801-1046-4A61-A846-03A4952274DD}
	EndGlobalSection
EndGlobal
